
Microsoft Visual Studio Solution File, Format Version 12.00
# Visual Studio 14
VisualStudioVersion = 14.0.23107.0
MinimumVisualStudioVersion = 10.0.40219.1
Project("{FAE04EC0-301F-11D3-BF4B-00C04F79EFBC}") = "Z.Expressions.Eval", "Z.Expressions.Eval\Z.Expressions.Eval.csproj", "{39647661-E2A5-4D80-B0BD-2A8C8B93E0B2}"
EndProject
Global
	GlobalSection(SolutionConfigurationPlatforms) = preSolution
		Debug|Any CPU = Debug|Any CPU
		Release|Any CPU = Release|Any CPU
	EndGlobalSection
	GlobalSection(ProjectConfigurationPlatforms) = postSolution
		{39647661-E2A5-4D80-B0BD-2A8C8B93E0B2}.Debug|Any CPU.ActiveCfg = Debug|Any CPU
		{39647661-E2A5-4D80-B0BD-2A8C8B93E0B2}.Debug|Any CPU.Build.0 = Debug|Any CPU
		{39647661-E2A5-4D80-B0BD-2A8C8B93E0B2}.Release|Any CPU.ActiveCfg = Release|Any CPU
		{39647661-E2A5-4D80-B0BD-2A8C8B93E0B2}.Release|Any CPU.Build.0 = Release|Any CPU
	EndGlobalSection
	GlobalSection(SolutionProperties) = preSolution
		HideSolutionNode = FALSE
	EndGlobalSection
EndGlobal
